
Microsoft Visual Studio Solution File, Format Version 12.00
# Visual Studio Version 16
VisualStudioVersion = 16.0.29411.108
MinimumVisualStudioVersion = 10.0.40219.1
Project("{2150E333-8FDC-42A3-9474-1A3956D46DE8}") = ".nuget", ".nuget", "{7503076D-27D6-4DDF-9FFD-CAE6AD8FE976}"
	ProjectSection(SolutionItems) = preProject
		.nuget\NuGet.Config = .nuget\NuGet.Config
		.nuget\nuget.exe = .nuget\nuget.exe
		.nuget\NuGet.targets = .nuget\NuGet.targets
	EndProjectSection
EndProject
Project("{2150E333-8FDC-42A3-9474-1A3956D46DE8}") = "Solution Items", "Solution Items", "{8C10F2BB-91ED-447A-817F-9D8C32F5A584}"
	ProjectSection(SolutionItems) = preProject
		LICENSE.txt = LICENSE.txt
		README.md = README.md
	EndProjectSection
EndProject
Project("{9A19103F-16F7-4668-BE54-9A1E7A4F7556}") = "Interlook.Configuration", "src\Interlook.Configuration\Interlook.Configuration.csproj", "{9C7FF665-E221-4244-A89D-93E20433DB12}"
EndProject
Project("{FAE04EC0-301F-11D3-BF4B-00C04F79EFBC}") = "Interlook.Configuration.Tests", "test\Interlook.Configuration.Tests\Interlook.Configuration.Tests.csproj", "{681D7AB4-BB29-459D-9449-6FD6FF753BB3}"
EndProject
Global
	GlobalSection(SolutionConfigurationPlatforms) = preSolution
		Debug|Any CPU = Debug|Any CPU
		Release|Any CPU = Release|Any CPU
	EndGlobalSection
	GlobalSection(ProjectConfigurationPlatforms) = postSolution
		{9C7FF665-E221-4244-A89D-93E20433DB12}.Debug|Any CPU.ActiveCfg = Debug|Any CPU
		{9C7FF665-E221-4244-A89D-93E20433DB12}.Debug|Any CPU.Build.0 = Debug|Any CPU
		{9C7FF665-E221-4244-A89D-93E20433DB12}.Release|Any CPU.ActiveCfg = Release|Any CPU
		{9C7FF665-E221-4244-A89D-93E20433DB12}.Release|Any CPU.Build.0 = Release|Any CPU
		{681D7AB4-BB29-459D-9449-6FD6FF753BB3}.Debug|Any CPU.ActiveCfg = Debug|Any CPU
		{681D7AB4-BB29-459D-9449-6FD6FF753BB3}.Debug|Any CPU.Build.0 = Debug|Any CPU
		{681D7AB4-BB29-459D-9449-6FD6FF753BB3}.Release|Any CPU.ActiveCfg = Release|Any CPU
		{681D7AB4-BB29-459D-9449-6FD6FF753BB3}.Release|Any CPU.Build.0 = Release|Any CPU
	EndGlobalSection
	GlobalSection(SolutionProperties) = preSolution
		HideSolutionNode = FALSE
	EndGlobalSection
	GlobalSection(ExtensibilityGlobals) = postSolution
		SolutionGuid = {C3078C37-59C0-483D-92C8-B5492180D9AB}
	EndGlobalSection
EndGlobal
